
Microsoft Visual Studio Solution File, Format Version 12.00
# Visual Studio 14
VisualStudioVersion = 14.0.23107.0
MinimumVisualStudioVersion = 10.0.40219.1
Project("{2150E333-8FDC-42A3-9474-1A3956D46DE8}") = "Messages", "Messages", "{F8386BF8-186D-4271-ADC5-0A11506A706A}"
EndProject
Project("{2150E333-8FDC-42A3-9474-1A3956D46DE8}") = "Web Api", "Web Api", "{DB0DF981-B6F6-40CC-B7BE-00216BBA78C1}"
EndProject
Project("{FAE04EC0-301F-11D3-BF4B-00C04F79EFBC}") = "Events", "Events\Events.csproj", "{D31F83DF-9EFF-4C80-BB06-A62F695EF0F5}"
EndProject
Project("{FAE04EC0-301F-11D3-BF4B-00C04F79EFBC}") = "Commands", "Commands\Commands.csproj", "{2AC62577-423B-4543-BD60-C3C7ACFE49D8}"
EndProject
Project("{2150E333-8FDC-42A3-9474-1A3956D46DE8}") = "Contracts", "Contracts", "{2BF07F93-0520-4D07-AC51-113ADC0C898A}"
EndProject
Project("{FAE04EC0-301F-11D3-BF4B-00C04F79EFBC}") = "ViewModels", "ViewModels\ViewModels.csproj", "{E63D8F1E-1DC7-4598-8278-5CDDCA518DC2}"
EndProject
Project("{FAE04EC0-301F-11D3-BF4B-00C04F79EFBC}") = "ConsoleApiHost", "ConsoleApiHost\ConsoleApiHost.csproj", "{A2A0C185-9C56-4B30-B2DF-87C4CF0162E2}"
EndProject
Project("{2150E333-8FDC-42A3-9474-1A3956D46DE8}") = "Write Side", "Write Side", "{20D52DEF-2382-4702-AC4B-8DDE769091A8}"
EndProject
Project("{FAE04EC0-301F-11D3-BF4B-00C04F79EFBC}") = "CommandHandlers", "CommandHandlers\CommandHandlers.csproj", "{570043DB-7BB4-460E-8EDF-55F3066CD71C}"
EndProject
Project("{FAE04EC0-301F-11D3-BF4B-00C04F79EFBC}") = "Domain", "Domain\Domain.csproj", "{0ADD86E4-7D22-4D81-B06C-38E48EAB5CA9}"
EndProject
Project("{FAE04EC0-301F-11D3-BF4B-00C04F79EFBC}") = "NancyModules", "NancyModules\NancyModules.csproj", "{BF641CC8-C25F-453B-9876-F070DE1C9EC1}"
EndProject
Project("{FAE04EC0-301F-11D3-BF4B-00C04F79EFBC}") = "Denormalizers", "Denormalizers\Denormalizers.csproj", "{1887291F-44E4-4C00-82FC-F8B3C1A32DC5}"
EndProject
Project("{2150E333-8FDC-42A3-9474-1A3956D46DE8}") = "Read Side", "Read Side", "{CECB2A73-8C0A-4486-ACA0-371988C89F45}"
EndProject
Global
	GlobalSection(SolutionConfigurationPlatforms) = preSolution
		Debug|Any CPU = Debug|Any CPU
		Release|Any CPU = Release|Any CPU
	EndGlobalSection
	GlobalSection(ProjectConfigurationPlatforms) = postSolution
		{D31F83DF-9EFF-4C80-BB06-A62F695EF0F5}.Debug|Any CPU.ActiveCfg = Debug|Any CPU
		{D31F83DF-9EFF-4C80-BB06-A62F695EF0F5}.Debug|Any CPU.Build.0 = Debug|Any CPU
		{D31F83DF-9EFF-4C80-BB06-A62F695EF0F5}.Release|Any CPU.ActiveCfg = Release|Any CPU
		{D31F83DF-9EFF-4C80-BB06-A62F695EF0F5}.Release|Any CPU.Build.0 = Release|Any CPU
		{2AC62577-423B-4543-BD60-C3C7ACFE49D8}.Debug|Any CPU.ActiveCfg = Debug|Any CPU
		{2AC62577-423B-4543-BD60-C3C7ACFE49D8}.Debug|Any CPU.Build.0 = Debug|Any CPU
		{2AC62577-423B-4543-BD60-C3C7ACFE49D8}.Release|Any CPU.ActiveCfg = Release|Any CPU
		{2AC62577-423B-4543-BD60-C3C7ACFE49D8}.Release|Any CPU.Build.0 = Release|Any CPU
		{E63D8F1E-1DC7-4598-8278-5CDDCA518DC2}.Debug|Any CPU.ActiveCfg = Debug|Any CPU
		{E63D8F1E-1DC7-4598-8278-5CDDCA518DC2}.Debug|Any CPU.Build.0 = Debug|Any CPU
		{E63D8F1E-1DC7-4598-8278-5CDDCA518DC2}.Release|Any CPU.ActiveCfg = Release|Any CPU
		{E63D8F1E-1DC7-4598-8278-5CDDCA518DC2}.Release|Any CPU.Build.0 = Release|Any CPU
		{A2A0C185-9C56-4B30-B2DF-87C4CF0162E2}.Debug|Any CPU.ActiveCfg = Debug|Any CPU
		{A2A0C185-9C56-4B30-B2DF-87C4CF0162E2}.Debug|Any CPU.Build.0 = Debug|Any CPU
		{A2A0C185-9C56-4B30-B2DF-87C4CF0162E2}.Release|Any CPU.ActiveCfg = Release|Any CPU
		{A2A0C185-9C56-4B30-B2DF-87C4CF0162E2}.Release|Any CPU.Build.0 = Release|Any CPU
		{570043DB-7BB4-460E-8EDF-55F3066CD71C}.Debug|Any CPU.ActiveCfg = Debug|Any CPU
		{570043DB-7BB4-460E-8EDF-55F3066CD71C}.Debug|Any CPU.Build.0 = Debug|Any CPU
		{570043DB-7BB4-460E-8EDF-55F3066CD71C}.Release|Any CPU.ActiveCfg = Release|Any CPU
		{570043DB-7BB4-460E-8EDF-55F3066CD71C}.Release|Any CPU.Build.0 = Release|Any CPU
		{0ADD86E4-7D22-4D81-B06C-38E48EAB5CA9}.Debug|Any CPU.ActiveCfg = Debug|Any CPU
		{0ADD86E4-7D22-4D81-B06C-38E48EAB5CA9}.Debug|Any CPU.Build.0 = Debug|Any CPU
		{0ADD86E4-7D22-4D81-B06C-38E48EAB5CA9}.Release|Any CPU.ActiveCfg = Release|Any CPU
		{0ADD86E4-7D22-4D81-B06C-38E48EAB5CA9}.Release|Any CPU.Build.0 = Release|Any CPU
		{BF641CC8-C25F-453B-9876-F070DE1C9EC1}.Debug|Any CPU.ActiveCfg = Debug|Any CPU
		{BF641CC8-C25F-453B-9876-F070DE1C9EC1}.Debug|Any CPU.Build.0 = Debug|Any CPU
		{BF641CC8-C25F-453B-9876-F070DE1C9EC1}.Release|Any CPU.ActiveCfg = Release|Any CPU
		{BF641CC8-C25F-453B-9876-F070DE1C9EC1}.Release|Any CPU.Build.0 = Release|Any CPU
		{1887291F-44E4-4C00-82FC-F8B3C1A32DC5}.Debug|Any CPU.ActiveCfg = Debug|Any CPU
		{1887291F-44E4-4C00-82FC-F8B3C1A32DC5}.Debug|Any CPU.Build.0 = Debug|Any CPU
		{1887291F-44E4-4C00-82FC-F8B3C1A32DC5}.Release|Any CPU.ActiveCfg = Release|Any CPU
		{1887291F-44E4-4C00-82FC-F8B3C1A32DC5}.Release|Any CPU.Build.0 = Release|Any CPU
	EndGlobalSection
	GlobalSection(SolutionProperties) = preSolution
		HideSolutionNode = FALSE
	EndGlobalSection
	GlobalSection(NestedProjects) = preSolution
		{D31F83DF-9EFF-4C80-BB06-A62F695EF0F5} = {F8386BF8-186D-4271-ADC5-0A11506A706A}
		{2AC62577-423B-4543-BD60-C3C7ACFE49D8} = {F8386BF8-186D-4271-ADC5-0A11506A706A}
		{E63D8F1E-1DC7-4598-8278-5CDDCA518DC2} = {2BF07F93-0520-4D07-AC51-113ADC0C898A}
		{A2A0C185-9C56-4B30-B2DF-87C4CF0162E2} = {DB0DF981-B6F6-40CC-B7BE-00216BBA78C1}
		{570043DB-7BB4-460E-8EDF-55F3066CD71C} = {20D52DEF-2382-4702-AC4B-8DDE769091A8}
		{0ADD86E4-7D22-4D81-B06C-38E48EAB5CA9} = {20D52DEF-2382-4702-AC4B-8DDE769091A8}
		{BF641CC8-C25F-453B-9876-F070DE1C9EC1} = {DB0DF981-B6F6-40CC-B7BE-00216BBA78C1}
		{1887291F-44E4-4C00-82FC-F8B3C1A32DC5} = {CECB2A73-8C0A-4486-ACA0-371988C89F45}
	EndGlobalSection
EndGlobal
